
Microsoft Visual Studio Solution File, Format Version 12.00
# Visual Studio Version 17
VisualStudioVersion = 17.4.33205.214
MinimumVisualStudioVersion = 10.0.40219.1
Project("{9A19103F-16F7-4668-BE54-9A1E7A4F7556}") = "TransactionAPI", "TransactionAPI.csproj", "{A1903D20-5B63-4ABF-A219-21584A9FF740}"
EndProject
Global
	GlobalSection(SolutionConfigurationPlatforms) = preSolution
		Debug|Any CPU = Debug|Any CPU
		Release|Any CPU = Release|Any CPU
	EndGlobalSection
	GlobalSection(ProjectConfigurationPlatforms) = postSolution
		{A1903D20-5B63-4ABF-A219-21584A9FF740}.Debug|Any CPU.ActiveCfg = Debug|Any CPU
		{A1903D20-5B63-4ABF-A219-21584A9FF740}.Debug|Any CPU.Build.0 = Debug|Any CPU
		{A1903D20-5B63-4ABF-A219-21584A9FF740}.Release|Any CPU.ActiveCfg = Release|Any CPU
		{A1903D20-5B63-4ABF-A219-21584A9FF740}.Release|Any CPU.Build.0 = Release|Any CPU
	EndGlobalSection
	GlobalSection(SolutionProperties) = preSolution
		HideSolutionNode = FALSE
	EndGlobalSection
	GlobalSection(ExtensibilityGlobals) = postSolution
		SolutionGuid = {7E90C307-ACCE-43AC-8E92-E068EE319508}
	EndGlobalSection
EndGlobal
